// !$*UTF8*$!
{
	archiveVersion = 1;
	classes = {
	};
	objectVersion = 46;
	objects = {

/* Begin PBXBuildFile section */
		7219BD0B1476DEA400AE298F /* Cocoa.framework in Frameworks */ = {isa = PBXBuildFile; fileRef = 7219BD0A1476DEA400AE298F /* Cocoa.framework */; };
		7219BD151476DEA400AE298F /* InfoPlist.strings in Resources */ = {isa = PBXBuildFile; fileRef = 7219BD131476DEA400AE298F /* InfoPlist.strings */; };
		7219BD181476DEA400AE298F /* main.m in Sources */ = {isa = PBXBuildFile; fileRef = 7219BD171476DEA400AE298F /* main.m */; };
		7219BD1B1476DEA400AE298F /* Credits.rtf in Resources */ = {isa = PBXBuildFile; fileRef = 7219BD191476DEA400AE298F /* Credits.rtf */; };
		7219BD1E1476DEA400AE298F /* SPColorWellAppDelegate.m in Sources */ = {isa = PBXBuildFile; fileRef = 7219BD1D1476DEA400AE298F /* SPColorWellAppDelegate.m */; };
		7219BD211476DEA400AE298F /* MainMenu.xib in Resources */ = {isa = PBXBuildFile; fileRef = 7219BD1F1476DEA400AE298F /* MainMenu.xib */; };
		7219BD2F1476DEFA00AE298F /* HighlightingView.m in Sources */ = {isa = PBXBuildFile; fileRef = 7219BD2E1476DEFA00AE298F /* HighlightingView.m */; };
		7219BD341476DF0000AE298F /* NSColor+ColorspaceEquality.m in Sources */ = {isa = PBXBuildFile; fileRef = 7219BD311476DF0000AE298F /* NSColor+ColorspaceEquality.m */; };
		7219BD351476DF0000AE298F /* NSColor+CSSRGB.m in Sources */ = {isa = PBXBuildFile; fileRef = 7219BD331476DF0000AE298F /* NSColor+CSSRGB.m */; };
		7219BD3C1476DF1100AE298F /* SPColorPicker.m in Sources */ = {isa = PBXBuildFile; fileRef = 7219BD371476DF1100AE298F /* SPColorPicker.m */; };
		7219BD3D1476DF1100AE298F /* SPColorWell.m in Sources */ = {isa = PBXBuildFile; fileRef = 7219BD391476DF1100AE298F /* SPColorWell.m */; };
		7219BD3E1476DF1100AE298F /* SPColorWellMenuView.m in Sources */ = {isa = PBXBuildFile; fileRef = 7219BD3B1476DF1100AE298F /* SPColorWellMenuView.m */; };
/* End PBXBuildFile section */

/* Begin PBXFileReference section */
		7219BD061476DEA400AE298F /* SPColorWell.app */ = {isa = PBXFileReference; explicitFileType = wrapper.application; includeInIndex = 0; path = SPColorWell.app; sourceTree = BUILT_PRODUCTS_DIR; };
		7219BD0A1476DEA400AE298F /* Cocoa.framework */ = {isa = PBXFileReference; lastKnownFileType = wrapper.framework; name = Cocoa.framework; path = System/Library/Frameworks/Cocoa.framework; sourceTree = SDKROOT; };
		7219BD0D1476DEA400AE298F /* AppKit.framework */ = {isa = PBXFileReference; lastKnownFileType = wrapper.framework; name = AppKit.framework; path = System/Library/Frameworks/AppKit.framework; sourceTree = SDKROOT; };
		7219BD0E1476DEA400AE298F /* CoreData.framework */ = {isa = PBXFileReference; lastKnownFileType = wrapper.framework; name = CoreData.framework; path = System/Library/Frameworks/CoreData.framework; sourceTree = SDKROOT; };
		7219BD0F1476DEA400AE298F /* Foundation.framework */ = {isa = PBXFileReference; lastKnownFileType = wrapper.framework; name = Foundation.framework; path = System/Library/Frameworks/Foundation.framework; sourceTree = SDKROOT; };
		7219BD121476DEA400AE298F /* SPColorWell-Info.plist */ = {isa = PBXFileReference; lastKnownFileType = text.plist.xml; path = "SPColorWell-Info.plist"; sourceTree = "<group>"; };
		7219BD141476DEA400AE298F /* en */ = {isa = PBXFileReference; lastKnownFileType = text.plist.strings; name = en; path = en.lproj/InfoPlist.strings; sourceTree = "<group>"; };
		7219BD161476DEA400AE298F /* SPColorWell-Prefix.pch */ = {isa = PBXFileReference; lastKnownFileType = sourcecode.c.h; path = "SPColorWell-Prefix.pch"; sourceTree = "<group>"; };
		7219BD171476DEA400AE298F /* main.m */ = {isa = PBXFileReference; lastKnownFileType = sourcecode.c.objc; path = main.m; sourceTree = "<group>"; };
		7219BD1A1476DEA400AE298F /* en */ = {isa = PBXFileReference; lastKnownFileType = text.rtf; name = en; path = en.lproj/Credits.rtf; sourceTree = "<group>"; };
		7219BD1C1476DEA400AE298F /* SPColorWellAppDelegate.h */ = {isa = PBXFileReference; lastKnownFileType = sourcecode.c.h; path = SPColorWellAppDelegate.h; sourceTree = "<group>"; };
		7219BD1D1476DEA400AE298F /* SPColorWellAppDelegate.m */ = {isa = PBXFileReference; lastKnownFileType = sourcecode.c.objc; path = SPColorWellAppDelegate.m; sourceTree = "<group>"; };
		7219BD201476DEA400AE298F /* en */ = {isa = PBXFileReference; lastKnownFileType = file.xib; name = en; path = en.lproj/MainMenu.xib; sourceTree = "<group>"; };
		7219BD2D1476DEFA00AE298F /* HighlightingView.h */ = {isa = PBXFileReference; fileEncoding = 4; lastKnownFileType = sourcecode.c.h; path = HighlightingView.h; sourceTree = "<group>"; };
		7219BD2E1476DEFA00AE298F /* HighlightingView.m */ = {isa = PBXFileReference; fileEncoding = 4; lastKnownFileType = sourcecode.c.objc; path = HighlightingView.m; sourceTree = "<group>"; };
		7219BD301476DF0000AE298F /* NSColor+ColorspaceEquality.h */ = {isa = PBXFileReference; fileEncoding = 4; lastKnownFileType = sourcecode.c.h; path = "NSColor+ColorspaceEquality.h"; sourceTree = "<group>"; };
		7219BD311476DF0000AE298F /* NSColor+ColorspaceEquality.m */ = {isa = PBXFileReference; fileEncoding = 4; lastKnownFileType = sourcecode.c.objc; path = "NSColor+ColorspaceEquality.m"; sourceTree = "<group>"; };
		7219BD321476DF0000AE298F /* NSColor+CSSRGB.h */ = {isa = PBXFileReference; fileEncoding = 4; lastKnownFileType = sourcecode.c.h; path = "NSColor+CSSRGB.h"; sourceTree = "<group>"; };
		7219BD331476DF0000AE298F /* NSColor+CSSRGB.m */ = {isa = PBXFileReference; fileEncoding = 4; lastKnownFileType = sourcecode.c.objc; path = "NSColor+CSSRGB.m"; sourceTree = "<group>"; };
		7219BD361476DF1100AE298F /* SPColorPicker.h */ = {isa = PBXFileReference; fileEncoding = 4; lastKnownFileType = sourcecode.c.h; path = SPColorPicker.h; sourceTree = "<group>"; };
		7219BD371476DF1100AE298F /* SPColorPicker.m */ = {isa = PBXFileReference; fileEncoding = 4; lastKnownFileType = sourcecode.c.objc; path = SPColorPicker.m; sourceTree = "<group>"; };
		7219BD381476DF1100AE298F /* SPColorWell.h */ = {isa = PBXFileReference; fileEncoding = 4; lastKnownFileType = sourcecode.c.h; path = SPColorWell.h; sourceTree = "<group>"; };
		7219BD391476DF1100AE298F /* SPColorWell.m */ = {isa = PBXFileReference; fileEncoding = 4; lastKnownFileType = sourcecode.c.objc; path = SPColorWell.m; sourceTree = "<group>"; };
		7219BD3A1476DF1100AE298F /* SPColorWellMenuView.h */ = {isa = PBXFileReference; fileEncoding = 4; lastKnownFileType = sourcecode.c.h; path = SPColorWellMenuView.h; sourceTree = "<group>"; };
		7219BD3B1476DF1100AE298F /* SPColorWellMenuView.m */ = {isa = PBXFileReference; fileEncoding = 4; lastKnownFileType = sourcecode.c.objc; path = SPColorWellMenuView.m; sourceTree = "<group>"; };
		7219BD3F1476DF2500AE298F /* README.txt */ = {isa = PBXFileReference; fileEncoding = 4; lastKnownFileType = text; name = README.txt; path = SPColorWell/README.txt; sourceTree = "<group>"; };
/* End PBXFileReference section */

/* Begin PBXFrameworksBuildPhase section */
		7219BD031476DEA400AE298F /* Frameworks */ = {
			isa = PBXFrameworksBuildPhase;
			buildActionMask = 2147483647;
			files = (
				7219BD0B1476DEA400AE298F /* Cocoa.framework in Frameworks */,
			);
			runOnlyForDeploymentPostprocessing = 0;
		};
/* End PBXFrameworksBuildPhase section */

/* Begin PBXGroup section */
		7219BCFB1476DEA400AE298F = {
			isa = PBXGroup;
			children = (
				7219BD3F1476DF2500AE298F /* README.txt */,
				7219BD101476DEA400AE298F /* SPColorWell */,
				7219BD091476DEA400AE298F /* Frameworks */,
				7219BD071476DEA400AE298F /* Products */,
			);
			sourceTree = "<group>";
		};
		7219BD071476DEA400AE298F /* Products */ = {
			isa = PBXGroup;
			children = (
				7219BD061476DEA400AE298F /* SPColorWell.app */,
			);
			name = Products;
			sourceTree = "<group>";
		};
		7219BD091476DEA400AE298F /* Frameworks */ = {
			isa = PBXGroup;
			children = (
				7219BD0A1476DEA400AE298F /* Cocoa.framework */,
				7219BD0C1476DEA400AE298F /* Other Frameworks */,
			);
			name = Frameworks;
			sourceTree = "<group>";
		};
		7219BD0C1476DEA400AE298F /* Other Frameworks */ = {
			isa = PBXGroup;
			children = (
				7219BD0D1476DEA400AE298F /* AppKit.framework */,
				7219BD0E1476DEA400AE298F /* CoreData.framework */,
				7219BD0F1476DEA400AE298F /* Foundation.framework */,
			);
			name = "Other Frameworks";
			sourceTree = "<group>";
		};
		7219BD101476DEA400AE298F /* SPColorWell */ = {
			isa = PBXGroup;
			children = (
				7219BD1C1476DEA400AE298F /* SPColorWellAppDelegate.h */,
				7219BD1D1476DEA400AE298F /* SPColorWellAppDelegate.m */,
				7219BD381476DF1100AE298F /* SPColorWell.h */,
				7219BD391476DF1100AE298F /* SPColorWell.m */,
				7219BD361476DF1100AE298F /* SPColorPicker.h */,
				7219BD371476DF1100AE298F /* SPColorPicker.m */,
				7219BD3A1476DF1100AE298F /* SPColorWellMenuView.h */,
				7219BD3B1476DF1100AE298F /* SPColorWellMenuView.m */,
				7219BD301476DF0000AE298F /* NSColor+ColorspaceEquality.h */,
				7219BD311476DF0000AE298F /* NSColor+ColorspaceEquality.m */,
				7219BD321476DF0000AE298F /* NSColor+CSSRGB.h */,
				7219BD331476DF0000AE298F /* NSColor+CSSRGB.m */,
				7219BD2D1476DEFA00AE298F /* HighlightingView.h */,
				7219BD2E1476DEFA00AE298F /* HighlightingView.m */,
				7219BD1F1476DEA400AE298F /* MainMenu.xib */,
				7219BD111476DEA400AE298F /* Supporting Files */,
			);
			path = SPColorWell;
			sourceTree = "<group>";
		};
		7219BD111476DEA400AE298F /* Supporting Files */ = {
			isa = PBXGroup;
			children = (
				7219BD121476DEA400AE298F /* SPColorWell-Info.plist */,
				7219BD131476DEA400AE298F /* InfoPlist.strings */,
				7219BD161476DEA400AE298F /* SPColorWell-Prefix.pch */,
				7219BD171476DEA400AE298F /* main.m */,
				7219BD191476DEA400AE298F /* Credits.rtf */,
			);
			name = "Supporting Files";
			sourceTree = "<group>";
		};
/* End PBXGroup section */

/* Begin PBXNativeTarget section */
		7219BD051476DEA400AE298F /* SPColorWell */ = {
			isa = PBXNativeTarget;
			buildConfigurationList = 7219BD241476DEA400AE298F /* Build configuration list for PBXNativeTarget "SPColorWell" */;
			buildPhases = (
				7219BD021476DEA400AE298F /* Sources */,
				7219BD031476DEA400AE298F /* Frameworks */,
				7219BD041476DEA400AE298F /* Resources */,
			);
			buildRules = (
			);
			dependencies = (
			);
			name = SPColorWell;
			productName = SPColorWell;
			productReference = 7219BD061476DEA400AE298F /* SPColorWell.app */;
			productType = "com.apple.product-type.application";
		};
/* End PBXNativeTarget section */

/* Begin PBXProject section */
		7219BCFD1476DEA400AE298F /* Project object */ = {
			isa = PBXProject;
			attributes = {
				LastUpgradeCheck = 1320;
				ORGANIZATIONNAME = Sprouted;
			};
			buildConfigurationList = 7219BD001476DEA400AE298F /* Build configuration list for PBXProject "SPColorWell" */;
			compatibilityVersion = "Xcode 3.2";
			developmentRegion = English;
			hasScannedForEncodings = 0;
			knownRegions = (
				English,
				en,
			);
			mainGroup = 7219BCFB1476DEA400AE298F;
			productRefGroup = 7219BD071476DEA400AE298F /* Products */;
			projectDirPath = "";
			projectRoot = "";
			targets = (
				7219BD051476DEA400AE298F /* SPColorWell */,
			);
		};
/* End PBXProject section */

/* Begin PBXResourcesBuildPhase section */
		7219BD041476DEA400AE298F /* Resources */ = {
			isa = PBXResourcesBuildPhase;
			buildActionMask = 2147483647;
			files = (
				7219BD151476DEA400AE298F /* InfoPlist.strings in Resources */,
				7219BD1B1476DEA400AE298F /* Credits.rtf in Resources */,
				7219BD211476DEA400AE298F /* MainMenu.xib in Resources */,
			);
			runOnlyForDeploymentPostprocessing = 0;
		};
/* End PBXResourcesBuildPhase section */

/* Begin PBXSourcesBuildPhase section */
		7219BD021476DEA400AE298F /* Sources */ = {
			isa = PBXSourcesBuildPhase;
			buildActionMask = 2147483647;
			files = (
				7219BD181476DEA400AE298F /* main.m in Sources */,
				7219BD1E1476DEA400AE298F /* SPColorWellAppDelegate.m in Sources */,
				7219BD2F1476DEFA00AE298F /* HighlightingView.m in Sources */,
				7219BD341476DF0000AE298F /* NSColor+ColorspaceEquality.m in Sources */,
				7219BD351476DF0000AE298F /* NSColor+CSSRGB.m in Sources */,
				7219BD3C1476DF1100AE298F /* SPColorPicker.m in Sources */,
				7219BD3D1476DF1100AE298F /* SPColorWell.m in Sources */,
				7219BD3E1476DF1100AE298F /* SPColorWellMenuView.m in Sources */,
			);
			runOnlyForDeploymentPostprocessing = 0;
		};
/* End PBXSourcesBuildPhase section */

/* Begin PBXVariantGroup section */
		7219BD131476DEA400AE298F /* InfoPlist.strings */ = {
			isa = PBXVariantGroup;
			children = (
				7219BD141476DEA400AE298F /* en */,
			);
			name = InfoPlist.strings;
			sourceTree = "<group>";
		};
		7219BD191476DEA400AE298F /* Credits.rtf */ = {
			isa = PBXVariantGroup;
			children = (
				7219BD1A1476DEA400AE298F /* en */,
			);
			name = Credits.rtf;
			sourceTree = "<group>";
		};
		7219BD1F1476DEA400AE298F /* MainMenu.xib */ = {
			isa = PBXVariantGroup;
			children = (
				7219BD201476DEA400AE298F /* en */,
			);
			name = MainMenu.xib;
			sourceTree = "<group>";
		};
/* End PBXVariantGroup section */

/* Begin XCBuildConfiguration section */
		7219BD221476DEA400AE298F /* Debug */ = {
			isa = XCBuildConfiguration;
			buildSettings = {
				CLANG_ANALYZER_LOCALIZABILITY_NONLOCALIZED = YES;
				CLANG_WARN_BLOCK_CAPTURE_AUTORELEASING = YES;
				CLANG_WARN_BOOL_CONVERSION = YES;
				CLANG_WARN_COMMA = YES;
				CLANG_WARN_CONSTANT_CONVERSION = YES;
				CLANG_WARN_DEPRECATED_OBJC_IMPLEMENTATIONS = YES;
				CLANG_WARN_EMPTY_BODY = YES;
				CLANG_WARN_ENUM_CONVERSION = YES;
				CLANG_WARN_INFINITE_RECURSION = YES;
				CLANG_WARN_INT_CONVERSION = YES;
				CLANG_WARN_NON_LITERAL_NULL_CONVERSION = YES;
				CLANG_WARN_OBJC_IMPLICIT_RETAIN_SELF = YES;
				CLANG_WARN_OBJC_LITERAL_CONVERSION = YES;
				CLANG_WARN_QUOTED_INCLUDE_IN_FRAMEWORK_HEADER = YES;
				CLANG_WARN_RANGE_LOOP_ANALYSIS = YES;
				CLANG_WARN_STRICT_PROTOTYPES = YES;
				CLANG_WARN_SUSPICIOUS_MOVE = YES;
				CLANG_WARN_UNREACHABLE_CODE = YES;
				CLANG_WARN__DUPLICATE_METHOD_MATCH = YES;
				ENABLE_STRICT_OBJC_MSGSEND = YES;
				ENABLE_TESTABILITY = YES;
				GCC_C_LANGUAGE_STANDARD = gnu99;
				GCC_NO_COMMON_BLOCKS = YES;
				GCC_OPTIMIZATION_LEVEL = 0;
				GCC_PREPROCESSOR_DEFINITIONS = DEBUG;
				GCC_SYMBOLS_PRIVATE_EXTERN = NO;
				GCC_VERSION = com.apple.compilers.llvm.clang.1_0;
				GCC_WARN_64_TO_32_BIT_CONVERSION = YES;
				GCC_WARN_ABOUT_RETURN_TYPE = YES;
				GCC_WARN_UNDECLARED_SELECTOR = YES;
				GCC_WARN_UNINITIALIZED_AUTOS = YES;
				GCC_WARN_UNUSED_FUNCTION = YES;
				GCC_WARN_UNUSED_VARIABLE = YES;
				MACOSX_DEPLOYMENT_TARGET = 10.9;
				ONLY_ACTIVE_ARCH = YES;
				SDKROOT = macosx;
			};
			name = Debug;
		};
		7219BD231476DEA400AE298F /* Release */ = {
			isa = XCBuildConfiguration;
			buildSettings = {
				CLANG_ANALYZER_LOCALIZABILITY_NONLOCALIZED = YES;
				CLANG_WARN_BLOCK_CAPTURE_AUTORELEASING = YES;
				CLANG_WARN_BOOL_CONVERSION = YES;
				CLANG_WARN_COMMA = YES;
				CLANG_WARN_CONSTANT_CONVERSION = YES;
				CLANG_WARN_DEPRECATED_OBJC_IMPLEMENTATIONS = YES;
				CLANG_WARN_EMPTY_BODY = YES;
				CLANG_WARN_ENUM_CONVERSION = YES;
				CLANG_WARN_INFINITE_RECURSION = YES;
				CLANG_WARN_INT_CONVERSION = YES;
				CLANG_WARN_NON_LITERAL_NULL_CONVERSION = YES;
				CLANG_WARN_OBJC_IMPLICIT_RETAIN_SELF = YES;
				CLANG_WARN_OBJC_LITERAL_CONVERSION = YES;
				CLANG_WARN_QUOTED_INCLUDE_IN_FRAMEWORK_HEADER = YES;
				CLANG_WARN_RANGE_LOOP_ANALYSIS = YES;
				CLANG_WARN_STRICT_PROTOTYPES = YES;
				CLANG_WARN_SUSPICIOUS_MOVE = YES;
				CLANG_WARN_UNREACHABLE_CODE = YES;
				CLANG_WARN__DUPLICATE_METHOD_MATCH = YES;
				ENABLE_STRICT_OBJC_MSGSEND = YES;
				GCC_C_LANGUAGE_STANDARD = gnu99;
				GCC_NO_COMMON_BLOCKS = YES;
				GCC_VERSION = com.apple.compilers.llvm.clang.1_0;
				GCC_WARN_64_TO_32_BIT_CONVERSION = YES;
				GCC_WARN_ABOUT_RETURN_TYPE = YES;
				GCC_WARN_UNDECLARED_SELECTOR = YES;
				GCC_WARN_UNINITIALIZED_AUTOS = YES;
				GCC_WARN_UNUSED_FUNCTION = YES;
				GCC_WARN_UNUSED_VARIABLE = YES;
				MACOSX_DEPLOYMENT_TARGET = 10.9;
				SDKROOT = macosx;
			};
			name = Release;
		};
		7219BD251476DEA400AE298F /* Debug */ = {
			isa = XCBuildConfiguration;
			buildSettings = {
				ALWAYS_SEARCH_USER_PATHS = NO;
				CLANG_ENABLE_OBJC_WEAK = YES;
				CLANG_WARN_COMMA = NO;
				CODE_SIGN_IDENTITY = "-";
				COPY_PHASE_STRIP = NO;
				GCC_DYNAMIC_NO_PIC = NO;
				GCC_ENABLE_OBJC_EXCEPTIONS = YES;
				GCC_PRECOMPILE_PREFIX_HEADER = YES;
				GCC_PREFIX_HEADER = "SPColorWell/SPColorWell-Prefix.pch";
				INFOPLIST_FILE = "SPColorWell/SPColorWell-Info.plist";
				PRODUCT_BUNDLE_IDENTIFIER = "com.sprouted.${PRODUCT_NAME:rfc1034identifier}";
				PRODUCT_NAME = "$(TARGET_NAME)";
				WRAPPER_EXTENSION = app;
			};
			name = Debug;
		};
		7219BD261476DEA400AE298F /* Release */ = {
			isa = XCBuildConfiguration;
			buildSettings = {
				ALWAYS_SEARCH_USER_PATHS = NO;
				CLANG_ENABLE_OBJC_WEAK = YES;
				CLANG_WARN_COMMA = NO;
				CODE_SIGN_IDENTITY = "-";
				COPY_PHASE_STRIP = YES;
				DEBUG_INFORMATION_FORMAT = "dwarf-with-dsym";
				GCC_ENABLE_OBJC_EXCEPTIONS = YES;
				GCC_PRECOMPILE_PREFIX_HEADER = YES;
				GCC_PREFIX_HEADER = "SPColorWell/SPColorWell-Prefix.pch";
				INFOPLIST_FILE = "SPColorWell/SPColorWell-Info.plist";
				PRODUCT_BUNDLE_IDENTIFIER = "com.sprouted.${PRODUCT_NAME:rfc1034identifier}";
				PRODUCT_NAME = "$(TARGET_NAME)";
				WRAPPER_EXTENSION = app;
			};
			name = Release;
		};
/* End XCBuildConfiguration section */

/* Begin XCConfigurationList section */
		7219BD001476DEA400AE298F /* Build configuration list for PBXProject "SPColorWell" */ = {
			isa = XCConfigurationList;
			buildConfigurations = (
				7219BD221476DEA400AE298F /* Debug */,
				7219BD231476DEA400AE298F /* Release */,
			);
			defaultConfigurationIsVisible = 0;
			defaultConfigurationName = Release;
		};
		7219BD241476DEA400AE298F /* Build configuration list for PBXNativeTarget "SPColorWell" */ = {
			isa = XCConfigurationList;
			buildConfigurations = (
				7219BD251476DEA400AE298F /* Debug */,
				7219BD261476DEA400AE298F /* Release */,
			);
			defaultConfigurationIsVisible = 0;
			defaultConfigurationName = Release;
		};
/* End XCConfigurationList section */
	};
	rootObject = 7219BCFD1476DEA400AE298F /* Project object */;
}
